# This file is automatically @generated by Cargo.
# It is not intended for manual editing.
version = 3

[[package]]
name = "mpl"
version = "0.1.0"
source = "registry+https://github.com/rust-lang/crates.io-index"
checksum = "ec0916352494ed2edb9375c10236150e2213eeafdeef10e74dfabb18ff42ddfc"

[[package]]
name = "wav_ast"
version = "0.1.0"
dependencies = [
 "mpl",
]
