# This file is automatically @generated by Cargo.
# It is not intended for manual editing.
version = 3

[[package]]
name = "mpl"
version = "0.1.0"
source = "git+https://github.com/kurotakazuki/mpl#781bcaaa7b75ec9dca61799c80e19ca080598ce1"

[[package]]
name = "wav_ast"
version = "0.1.0"
dependencies = [
 "mpl",
]
